
Microsoft Visual Studio Solution File, Format Version 12.00
# Visual Studio 15
VisualStudioVersion = 15.0.27130.2024
MinimumVisualStudioVersion = 10.0.40219.1
Project("{FAE04EC0-301F-11D3-BF4B-00C04F79EFBC}") = "Ejemplo", "Ejemplo\Ejemplo.csproj", "{AF4855FA-D7F7-4498-86C2-B010663D88D9}"
EndProject
Global
	GlobalSection(SolutionConfigurationPlatforms) = preSolution
		Debug|Any CPU = Debug|Any CPU
		Release|Any CPU = Release|Any CPU
	EndGlobalSection
	GlobalSection(ProjectConfigurationPlatforms) = postSolution
		{AF4855FA-D7F7-4498-86C2-B010663D88D9}.Debug|Any CPU.ActiveCfg = Debug|Any CPU
		{AF4855FA-D7F7-4498-86C2-B010663D88D9}.Debug|Any CPU.Build.0 = Debug|Any CPU
		{AF4855FA-D7F7-4498-86C2-B010663D88D9}.Release|Any CPU.ActiveCfg = Release|Any CPU
		{AF4855FA-D7F7-4498-86C2-B010663D88D9}.Release|Any CPU.Build.0 = Release|Any CPU
	EndGlobalSection
	GlobalSection(SolutionProperties) = preSolution
		HideSolutionNode = FALSE
	EndGlobalSection
	GlobalSection(ExtensibilityGlobals) = postSolution
		SolutionGuid = {EC64AAB3-982D-4A81-A177-ACBBF000FFA9}
	EndGlobalSection
EndGlobal
