
Microsoft Visual Studio Solution File, Format Version 12.00
# Visual Studio 15
VisualStudioVersion = 15.0.27703.2026
MinimumVisualStudioVersion = 10.0.40219.1
Project("{FAE04EC0-301F-11D3-BF4B-00C04F79EFBC}") = "NuevoModelo", "NuevoModelo\NuevoModelo.csproj", "{6C5A137E-B8CC-452D-9121-6D8C8C2C4E5B}"
EndProject
Global
	GlobalSection(SolutionConfigurationPlatforms) = preSolution
		Debug|Any CPU = Debug|Any CPU
		Release|Any CPU = Release|Any CPU
	EndGlobalSection
	GlobalSection(ProjectConfigurationPlatforms) = postSolution
		{6C5A137E-B8CC-452D-9121-6D8C8C2C4E5B}.Debug|Any CPU.ActiveCfg = Debug|Any CPU
		{6C5A137E-B8CC-452D-9121-6D8C8C2C4E5B}.Debug|Any CPU.Build.0 = Debug|Any CPU
		{6C5A137E-B8CC-452D-9121-6D8C8C2C4E5B}.Release|Any CPU.ActiveCfg = Release|Any CPU
		{6C5A137E-B8CC-452D-9121-6D8C8C2C4E5B}.Release|Any CPU.Build.0 = Release|Any CPU
	EndGlobalSection
	GlobalSection(SolutionProperties) = preSolution
		HideSolutionNode = FALSE
	EndGlobalSection
	GlobalSection(ExtensibilityGlobals) = postSolution
		SolutionGuid = {CBEA8C7A-7404-4993-A705-11FA81E67305}
	EndGlobalSection
EndGlobal
